// !$*UTF8*$!
{
	archiveVersion = 1;
	classes = {
	};
	objectVersion = 50;
	objects = {

/* Begin PBXBuildFile section */
		C066E7EB4EF07B4A0C9B9724 /* Pods_LayoutSample.framework in Frameworks */ = {isa = PBXBuildFile; fileRef = D3493CCC5EDF1663A6A076F3 /* Pods_LayoutSample.framework */; };
		DC7D3F6520A97CF300A1038A /* AppDelegate.swift in Sources */ = {isa = PBXBuildFile; fileRef = DC7D3F6420A97CF300A1038A /* AppDelegate.swift */; };
		DC7D3F6C20A97CF400A1038A /* Assets.xcassets in Resources */ = {isa = PBXBuildFile; fileRef = DC7D3F6B20A97CF400A1038A /* Assets.xcassets */; };
		DC7D3F6F20A97CF400A1038A /* LaunchScreen.storyboard in Resources */ = {isa = PBXBuildFile; fileRef = DC7D3F6D20A97CF400A1038A /* LaunchScreen.storyboard */; };
		DC93596220A984CB0013CC88 /* HomeViewController.swift in Sources */ = {isa = PBXBuildFile; fileRef = DC93596120A984CB0013CC88 /* HomeViewController.swift */; };
		DC93596720A985070013CC88 /* GradientBaseView.swift in Sources */ = {isa = PBXBuildFile; fileRef = DC93596620A985070013CC88 /* GradientBaseView.swift */; };
		DC93596C20A985FD0013CC88 /* CAGradientLayer+Init.swift in Sources */ = {isa = PBXBuildFile; fileRef = DC93596B20A985FD0013CC88 /* CAGradientLayer+Init.swift */; };
		DC93596F20AA7DF30013CC88 /* Coordinator.swift in Sources */ = {isa = PBXBuildFile; fileRef = DC93596E20AA7DF20013CC88 /* Coordinator.swift */; };
		DC93597120AA7E060013CC88 /* ApplicationCoordinator.swift in Sources */ = {isa = PBXBuildFile; fileRef = DC93597020AA7E060013CC88 /* ApplicationCoordinator.swift */; };
		DC93597320AA811E0013CC88 /* EventViewController.swift in Sources */ = {isa = PBXBuildFile; fileRef = DC93597220AA811E0013CC88 /* EventViewController.swift */; };
		DC93597520AA81320013CC88 /* MypageViewController.swift in Sources */ = {isa = PBXBuildFile; fileRef = DC93597420AA81320013CC88 /* MypageViewController.swift */; };
		DC93597720AAA72F0013CC88 /* DetailViewController.swift in Sources */ = {isa = PBXBuildFile; fileRef = DC93597620AAA72F0013CC88 /* DetailViewController.swift */; };
		DC93597B20AABBFA0013CC88 /* TransparentNavigationController.swift in Sources */ = {isa = PBXBuildFile; fileRef = DC93597A20AABBFA0013CC88 /* TransparentNavigationController.swift */; };
/* End PBXBuildFile section */

/* Begin PBXFileReference section */
		AEE08B6E46A0675BCA89319E /* Pods-LayoutSample.release.xcconfig */ = {isa = PBXFileReference; includeInIndex = 1; lastKnownFileType = text.xcconfig; name = "Pods-LayoutSample.release.xcconfig"; path = "Pods/Target Support Files/Pods-LayoutSample/Pods-LayoutSample.release.xcconfig"; sourceTree = "<group>"; };
		BCACEAD83206A1A1A99A41DD /* Pods-LayoutSample.debug.xcconfig */ = {isa = PBXFileReference; includeInIndex = 1; lastKnownFileType = text.xcconfig; name = "Pods-LayoutSample.debug.xcconfig"; path = "Pods/Target Support Files/Pods-LayoutSample/Pods-LayoutSample.debug.xcconfig"; sourceTree = "<group>"; };
		D3493CCC5EDF1663A6A076F3 /* Pods_LayoutSample.framework */ = {isa = PBXFileReference; explicitFileType = wrapper.framework; includeInIndex = 0; path = Pods_LayoutSample.framework; sourceTree = BUILT_PRODUCTS_DIR; };
		DC7D3F6120A97CF300A1038A /* LayoutSample.app */ = {isa = PBXFileReference; explicitFileType = wrapper.application; includeInIndex = 0; path = LayoutSample.app; sourceTree = BUILT_PRODUCTS_DIR; };
		DC7D3F6420A97CF300A1038A /* AppDelegate.swift */ = {isa = PBXFileReference; lastKnownFileType = sourcecode.swift; path = AppDelegate.swift; sourceTree = "<group>"; };
		DC7D3F6B20A97CF400A1038A /* Assets.xcassets */ = {isa = PBXFileReference; lastKnownFileType = folder.assetcatalog; path = Assets.xcassets; sourceTree = "<group>"; };
		DC7D3F6E20A97CF400A1038A /* Base */ = {isa = PBXFileReference; lastKnownFileType = file.storyboard; name = Base; path = Base.lproj/LaunchScreen.storyboard; sourceTree = "<group>"; };
		DC7D3F7020A97CF400A1038A /* Info.plist */ = {isa = PBXFileReference; lastKnownFileType = text.plist.xml; path = Info.plist; sourceTree = "<group>"; };
		DC93596120A984CB0013CC88 /* HomeViewController.swift */ = {isa = PBXFileReference; lastKnownFileType = sourcecode.swift; path = HomeViewController.swift; sourceTree = "<group>"; };
		DC93596620A985070013CC88 /* GradientBaseView.swift */ = {isa = PBXFileReference; lastKnownFileType = sourcecode.swift; path = GradientBaseView.swift; sourceTree = "<group>"; };
		DC93596B20A985FD0013CC88 /* CAGradientLayer+Init.swift */ = {isa = PBXFileReference; lastKnownFileType = sourcecode.swift; path = "CAGradientLayer+Init.swift"; sourceTree = "<group>"; };
		DC93596E20AA7DF20013CC88 /* Coordinator.swift */ = {isa = PBXFileReference; lastKnownFileType = sourcecode.swift; path = Coordinator.swift; sourceTree = "<group>"; };
		DC93597020AA7E060013CC88 /* ApplicationCoordinator.swift */ = {isa = PBXFileReference; lastKnownFileType = sourcecode.swift; path = ApplicationCoordinator.swift; sourceTree = "<group>"; };
		DC93597220AA811E0013CC88 /* EventViewController.swift */ = {isa = PBXFileReference; lastKnownFileType = sourcecode.swift; path = EventViewController.swift; sourceTree = "<group>"; };
		DC93597420AA81320013CC88 /* MypageViewController.swift */ = {isa = PBXFileReference; lastKnownFileType = sourcecode.swift; path = MypageViewController.swift; sourceTree = "<group>"; };
		DC93597620AAA72F0013CC88 /* DetailViewController.swift */ = {isa = PBXFileReference; lastKnownFileType = sourcecode.swift; path = DetailViewController.swift; sourceTree = "<group>"; };
		DC93597A20AABBFA0013CC88 /* TransparentNavigationController.swift */ = {isa = PBXFileReference; lastKnownFileType = sourcecode.swift; path = TransparentNavigationController.swift; sourceTree = "<group>"; };
/* End PBXFileReference section */

/* Begin PBXFrameworksBuildPhase section */
		DC7D3F5E20A97CF300A1038A /* Frameworks */ = {
			isa = PBXFrameworksBuildPhase;
			buildActionMask = 2147483647;
			files = (
				C066E7EB4EF07B4A0C9B9724 /* Pods_LayoutSample.framework in Frameworks */,
			);
			runOnlyForDeploymentPostprocessing = 0;
		};
/* End PBXFrameworksBuildPhase section */

/* Begin PBXGroup section */
		93E8FF9D19534FB42CA8C019 /* Pods */ = {
			isa = PBXGroup;
			children = (
				BCACEAD83206A1A1A99A41DD /* Pods-LayoutSample.debug.xcconfig */,
				AEE08B6E46A0675BCA89319E /* Pods-LayoutSample.release.xcconfig */,
			);
			name = Pods;
			sourceTree = "<group>";
		};
		D33435E3C87AA420EEC54540 /* Frameworks */ = {
			isa = PBXGroup;
			children = (
				D3493CCC5EDF1663A6A076F3 /* Pods_LayoutSample.framework */,
			);
			name = Frameworks;
			sourceTree = "<group>";
		};
		DC7D3F5820A97CF300A1038A = {
			isa = PBXGroup;
			children = (
				DC7D3F6320A97CF300A1038A /* LayoutSample */,
				DC7D3F6220A97CF300A1038A /* Products */,
				93E8FF9D19534FB42CA8C019 /* Pods */,
				D33435E3C87AA420EEC54540 /* Frameworks */,
			);
			sourceTree = "<group>";
		};
		DC7D3F6220A97CF300A1038A /* Products */ = {
			isa = PBXGroup;
			children = (
				DC7D3F6120A97CF300A1038A /* LayoutSample.app */,
			);
			name = Products;
			sourceTree = "<group>";
		};
		DC7D3F6320A97CF300A1038A /* LayoutSample */ = {
			isa = PBXGroup;
			children = (
				DC7D3F6420A97CF300A1038A /* AppDelegate.swift */,
				DC93596D20AA7C7A0013CC88 /* Cordinator */,
				DC93596520A984F90013CC88 /* View */,
				DC93596020A984820013CC88 /* ViewControllers */,
				DC93596820A985B60013CC88 /* Extensions */,
				DC7D3F6B20A97CF400A1038A /* Assets.xcassets */,
				DC7D3F6D20A97CF400A1038A /* LaunchScreen.storyboard */,
				DC7D3F7020A97CF400A1038A /* Info.plist */,
			);
			path = LayoutSample;
			sourceTree = "<group>";
		};
		DC93596020A984820013CC88 /* ViewControllers */ = {
			isa = PBXGroup;
			children = (
				DC93597A20AABBFA0013CC88 /* TransparentNavigationController.swift */,
				DC93596120A984CB0013CC88 /* HomeViewController.swift */,
				DC93597220AA811E0013CC88 /* EventViewController.swift */,
				DC93597420AA81320013CC88 /* MypageViewController.swift */,
				DC93597620AAA72F0013CC88 /* DetailViewController.swift */,
			);
			path = ViewControllers;
			sourceTree = "<group>";
		};
		DC93596520A984F90013CC88 /* View */ = {
			isa = PBXGroup;
			children = (
				DC93596620A985070013CC88 /* GradientBaseView.swift */,
			);
			path = View;
			sourceTree = "<group>";
		};
		DC93596820A985B60013CC88 /* Extensions */ = {
			isa = PBXGroup;
			children = (
				DC93596B20A985FD0013CC88 /* CAGradientLayer+Init.swift */,
			);
			path = Extensions;
			sourceTree = "<group>";
		};
		DC93596D20AA7C7A0013CC88 /* Cordinator */ = {
			isa = PBXGroup;
			children = (
				DC93596E20AA7DF20013CC88 /* Coordinator.swift */,
				DC93597020AA7E060013CC88 /* ApplicationCoordinator.swift */,
			);
			path = Cordinator;
			sourceTree = "<group>";
		};
/* End PBXGroup section */

/* Begin PBXNativeTarget section */
		DC7D3F6020A97CF300A1038A /* LayoutSample */ = {
			isa = PBXNativeTarget;
			buildConfigurationList = DC7D3F7320A97CF400A1038A /* Build configuration list for PBXNativeTarget "LayoutSample" */;
			buildPhases = (
				3E04D03DE80764025D8FF09C /* [CP] Check Pods Manifest.lock */,
				DC7D3F5D20A97CF300A1038A /* Sources */,
				DC7D3F5E20A97CF300A1038A /* Frameworks */,
				DC7D3F5F20A97CF300A1038A /* Resources */,
				07A6BF700D9B2C4DA4F9915E /* [CP] Embed Pods Frameworks */,
			);
			buildRules = (
			);
			dependencies = (
			);
			name = LayoutSample;
			productName = LayoutSample;
			productReference = DC7D3F6120A97CF300A1038A /* LayoutSample.app */;
			productType = "com.apple.product-type.application";
		};
/* End PBXNativeTarget section */

/* Begin PBXProject section */
		DC7D3F5920A97CF300A1038A /* Project object */ = {
			isa = PBXProject;
			attributes = {
				LastSwiftUpdateCheck = 0930;
				LastUpgradeCheck = 0930;
				ORGANIZATIONNAME = "Nagisa Inc.";
				TargetAttributes = {
					DC7D3F6020A97CF300A1038A = {
						CreatedOnToolsVersion = 9.3;
					};
				};
			};
			buildConfigurationList = DC7D3F5C20A97CF300A1038A /* Build configuration list for PBXProject "LayoutSample" */;
			compatibilityVersion = "Xcode 9.3";
			developmentRegion = en;
			hasScannedForEncodings = 0;
			knownRegions = (
				en,
				Base,
			);
			mainGroup = DC7D3F5820A97CF300A1038A;
			productRefGroup = DC7D3F6220A97CF300A1038A /* Products */;
			projectDirPath = "";
			projectRoot = "";
			targets = (
				DC7D3F6020A97CF300A1038A /* LayoutSample */,
			);
		};
/* End PBXProject section */

/* Begin PBXResourcesBuildPhase section */
		DC7D3F5F20A97CF300A1038A /* Resources */ = {
			isa = PBXResourcesBuildPhase;
			buildActionMask = 2147483647;
			files = (
				DC7D3F6F20A97CF400A1038A /* LaunchScreen.storyboard in Resources */,
				DC7D3F6C20A97CF400A1038A /* Assets.xcassets in Resources */,
			);
			runOnlyForDeploymentPostprocessing = 0;
		};
/* End PBXResourcesBuildPhase section */

/* Begin PBXShellScriptBuildPhase section */
		07A6BF700D9B2C4DA4F9915E /* [CP] Embed Pods Frameworks */ = {
			isa = PBXShellScriptBuildPhase;
			buildActionMask = 2147483647;
			files = (
			);
			inputPaths = (
				"${SRCROOT}/Pods/Target Support Files/Pods-LayoutSample/Pods-LayoutSample-frameworks.sh",
				"${BUILT_PRODUCTS_DIR}/SnapKit/SnapKit.framework",
			);
			name = "[CP] Embed Pods Frameworks";
			outputPaths = (
				"${TARGET_BUILD_DIR}/${FRAMEWORKS_FOLDER_PATH}/SnapKit.framework",
			);
			runOnlyForDeploymentPostprocessing = 0;
			shellPath = /bin/sh;
			shellScript = "\"${SRCROOT}/Pods/Target Support Files/Pods-LayoutSample/Pods-LayoutSample-frameworks.sh\"\n";
			showEnvVarsInLog = 0;
		};
		3E04D03DE80764025D8FF09C /* [CP] Check Pods Manifest.lock */ = {
			isa = PBXShellScriptBuildPhase;
			buildActionMask = 2147483647;
			files = (
			);
			inputPaths = (
				"${PODS_PODFILE_DIR_PATH}/Podfile.lock",
				"${PODS_ROOT}/Manifest.lock",
			);
			name = "[CP] Check Pods Manifest.lock";
			outputPaths = (
				"$(DERIVED_FILE_DIR)/Pods-LayoutSample-checkManifestLockResult.txt",
			);
			runOnlyForDeploymentPostprocessing = 0;
			shellPath = /bin/sh;
			shellScript = "diff \"${PODS_PODFILE_DIR_PATH}/Podfile.lock\" \"${PODS_ROOT}/Manifest.lock\" > /dev/null\nif [ $? != 0 ] ; then\n    # print error to STDERR\n    echo \"error: The sandbox is not in sync with the Podfile.lock. Run 'pod install' or update your CocoaPods installation.\" >&2\n    exit 1\nfi\n# This output is used by Xcode 'outputs' to avoid re-running this script phase.\necho \"SUCCESS\" > \"${SCRIPT_OUTPUT_FILE_0}\"\n";
			showEnvVarsInLog = 0;
		};
/* End PBXShellScriptBuildPhase section */

/* Begin PBXSourcesBuildPhase section */
		DC7D3F5D20A97CF300A1038A /* Sources */ = {
			isa = PBXSourcesBuildPhase;
			buildActionMask = 2147483647;
			files = (
				DC93597520AA81320013CC88 /* MypageViewController.swift in Sources */,
				DC93596720A985070013CC88 /* GradientBaseView.swift in Sources */,
				DC93597B20AABBFA0013CC88 /* TransparentNavigationController.swift in Sources */,
				DC7D3F6520A97CF300A1038A /* AppDelegate.swift in Sources */,
				DC93596F20AA7DF30013CC88 /* Coordinator.swift in Sources */,
				DC93596220A984CB0013CC88 /* HomeViewController.swift in Sources */,
				DC93597320AA811E0013CC88 /* EventViewController.swift in Sources */,
				DC93597720AAA72F0013CC88 /* DetailViewController.swift in Sources */,
				DC93596C20A985FD0013CC88 /* CAGradientLayer+Init.swift in Sources */,
				DC93597120AA7E060013CC88 /* ApplicationCoordinator.swift in Sources */,
			);
			runOnlyForDeploymentPostprocessing = 0;
		};
/* End PBXSourcesBuildPhase section */

/* Begin PBXVariantGroup section */
		DC7D3F6D20A97CF400A1038A /* LaunchScreen.storyboard */ = {
			isa = PBXVariantGroup;
			children = (
				DC7D3F6E20A97CF400A1038A /* Base */,
			);
			name = LaunchScreen.storyboard;
			sourceTree = "<group>";
		};
/* End PBXVariantGroup section */

/* Begin XCBuildConfiguration section */
		DC7D3F7120A97CF400A1038A /* Debug */ = {
			isa = XCBuildConfiguration;
			buildSettings = {
				ALWAYS_SEARCH_USER_PATHS = NO;
				CLANG_ANALYZER_NONNULL = YES;
				CLANG_ANALYZER_NUMBER_OBJECT_CONVERSION = YES_AGGRESSIVE;
				CLANG_CXX_LANGUAGE_STANDARD = "gnu++14";
				CLANG_CXX_LIBRARY = "libc++";
				CLANG_ENABLE_MODULES = YES;
				CLANG_ENABLE_OBJC_ARC = YES;
				CLANG_ENABLE_OBJC_WEAK = YES;
				CLANG_WARN_BLOCK_CAPTURE_AUTORELEASING = YES;
				CLANG_WARN_BOOL_CONVERSION = YES;
				CLANG_WARN_COMMA = YES;
				CLANG_WARN_CONSTANT_CONVERSION = YES;
				CLANG_WARN_DEPRECATED_OBJC_IMPLEMENTATIONS = YES;
				CLANG_WARN_DIRECT_OBJC_ISA_USAGE = YES_ERROR;
				CLANG_WARN_DOCUMENTATION_COMMENTS = YES;
				CLANG_WARN_EMPTY_BODY = YES;
				CLANG_WARN_ENUM_CONVERSION = YES;
				CLANG_WARN_INFINITE_RECURSION = YES;
				CLANG_WARN_INT_CONVERSION = YES;
				CLANG_WARN_NON_LITERAL_NULL_CONVERSION = YES;
				CLANG_WARN_OBJC_IMPLICIT_RETAIN_SELF = YES;
				CLANG_WARN_OBJC_LITERAL_CONVERSION = YES;
				CLANG_WARN_OBJC_ROOT_CLASS = YES_ERROR;
				CLANG_WARN_RANGE_LOOP_ANALYSIS = YES;
				CLANG_WARN_STRICT_PROTOTYPES = YES;
				CLANG_WARN_SUSPICIOUS_MOVE = YES;
				CLANG_WARN_UNGUARDED_AVAILABILITY = YES_AGGRESSIVE;
				CLANG_WARN_UNREACHABLE_CODE = YES;
				CLANG_WARN__DUPLICATE_METHOD_MATCH = YES;
				CODE_SIGN_IDENTITY = "iPhone Developer";
				COPY_PHASE_STRIP = NO;
				DEBUG_INFORMATION_FORMAT = dwarf;
				ENABLE_STRICT_OBJC_MSGSEND = YES;
				ENABLE_TESTABILITY = YES;
				GCC_C_LANGUAGE_STANDARD = gnu11;
				GCC_DYNAMIC_NO_PIC = NO;
				GCC_NO_COMMON_BLOCKS = YES;
				GCC_OPTIMIZATION_LEVEL = 0;
				GCC_PREPROCESSOR_DEFINITIONS = (
					"DEBUG=1",
					"$(inherited)",
				);
				GCC_WARN_64_TO_32_BIT_CONVERSION = YES;
				GCC_WARN_ABOUT_RETURN_TYPE = YES_ERROR;
				GCC_WARN_UNDECLARED_SELECTOR = YES;
				GCC_WARN_UNINITIALIZED_AUTOS = YES_AGGRESSIVE;
				GCC_WARN_UNUSED_FUNCTION = YES;
				GCC_WARN_UNUSED_VARIABLE = YES;
				IPHONEOS_DEPLOYMENT_TARGET = 10.0;
				MTL_ENABLE_DEBUG_INFO = YES;
				ONLY_ACTIVE_ARCH = YES;
				SDKROOT = iphoneos;
				SWIFT_ACTIVE_COMPILATION_CONDITIONS = DEBUG;
				SWIFT_OPTIMIZATION_LEVEL = "-Onone";
			};
			name = Debug;
		};
		DC7D3F7220A97CF400A1038A /* Release */ = {
			isa = XCBuildConfiguration;
			buildSettings = {
				ALWAYS_SEARCH_USER_PATHS = NO;
				CLANG_ANALYZER_NONNULL = YES;
				CLANG_ANALYZER_NUMBER_OBJECT_CONVERSION = YES_AGGRESSIVE;
				CLANG_CXX_LANGUAGE_STANDARD = "gnu++14";
				CLANG_CXX_LIBRARY = "libc++";
				CLANG_ENABLE_MODULES = YES;
				CLANG_ENABLE_OBJC_ARC = YES;
				CLANG_ENABLE_OBJC_WEAK = YES;
				CLANG_WARN_BLOCK_CAPTURE_AUTORELEASING = YES;
				CLANG_WARN_BOOL_CONVERSION = YES;
				CLANG_WARN_COMMA = YES;
				CLANG_WARN_CONSTANT_CONVERSION = YES;
				CLANG_WARN_DEPRECATED_OBJC_IMPLEMENTATIONS = YES;
				CLANG_WARN_DIRECT_OBJC_ISA_USAGE = YES_ERROR;
				CLANG_WARN_DOCUMENTATION_COMMENTS = YES;
				CLANG_WARN_EMPTY_BODY = YES;
				CLANG_WARN_ENUM_CONVERSION = YES;
				CLANG_WARN_INFINITE_RECURSION = YES;
				CLANG_WARN_INT_CONVERSION = YES;
				CLANG_WARN_NON_LITERAL_NULL_CONVERSION = YES;
				CLANG_WARN_OBJC_IMPLICIT_RETAIN_SELF = YES;
				CLANG_WARN_OBJC_LITERAL_CONVERSION = YES;
				CLANG_WARN_OBJC_ROOT_CLASS = YES_ERROR;
				CLANG_WARN_RANGE_LOOP_ANALYSIS = YES;
				CLANG_WARN_STRICT_PROTOTYPES = YES;
				CLANG_WARN_SUSPICIOUS_MOVE = YES;
				CLANG_WARN_UNGUARDED_AVAILABILITY = YES_AGGRESSIVE;
				CLANG_WARN_UNREACHABLE_CODE = YES;
				CLANG_WARN__DUPLICATE_METHOD_MATCH = YES;
				CODE_SIGN_IDENTITY = "iPhone Developer";
				COPY_PHASE_STRIP = NO;
				DEBUG_INFORMATION_FORMAT = "dwarf-with-dsym";
				ENABLE_NS_ASSERTIONS = NO;
				ENABLE_STRICT_OBJC_MSGSEND = YES;
				GCC_C_LANGUAGE_STANDARD = gnu11;
				GCC_NO_COMMON_BLOCKS = YES;
				GCC_WARN_64_TO_32_BIT_CONVERSION = YES;
				GCC_WARN_ABOUT_RETURN_TYPE = YES_ERROR;
				GCC_WARN_UNDECLARED_SELECTOR = YES;
				GCC_WARN_UNINITIALIZED_AUTOS = YES_AGGRESSIVE;
				GCC_WARN_UNUSED_FUNCTION = YES;
				GCC_WARN_UNUSED_VARIABLE = YES;
				IPHONEOS_DEPLOYMENT_TARGET = 10.0;
				MTL_ENABLE_DEBUG_INFO = NO;
				SDKROOT = iphoneos;
				SWIFT_COMPILATION_MODE = wholemodule;
				SWIFT_OPTIMIZATION_LEVEL = "-O";
				VALIDATE_PRODUCT = YES;
			};
			name = Release;
		};
		DC7D3F7420A97CF400A1038A /* Debug */ = {
			isa = XCBuildConfiguration;
			baseConfigurationReference = BCACEAD83206A1A1A99A41DD /* Pods-LayoutSample.debug.xcconfig */;
			buildSettings = {
				ASSETCATALOG_COMPILER_APPICON_NAME = AppIcon;
				CODE_SIGN_STYLE = Automatic;
				DEVELOPMENT_TEAM = W5AYQR9JXN;
				INFOPLIST_FILE = LayoutSample/Info.plist;
				LD_RUNPATH_SEARCH_PATHS = (
					"$(inherited)",
					"@executable_path/Frameworks",
				);
				PRODUCT_BUNDLE_IDENTIFIER = "jp.pieces-inc.LayoutSample";
				PRODUCT_NAME = "$(TARGET_NAME)";
				SWIFT_VERSION = 4.0;
				TARGETED_DEVICE_FAMILY = "1,2";
			};
			name = Debug;
		};
		DC7D3F7520A97CF400A1038A /* Release */ = {
			isa = XCBuildConfiguration;
			baseConfigurationReference = AEE08B6E46A0675BCA89319E /* Pods-LayoutSample.release.xcconfig */;
			buildSettings = {
				ASSETCATALOG_COMPILER_APPICON_NAME = AppIcon;
				CODE_SIGN_STYLE = Automatic;
				DEVELOPMENT_TEAM = W5AYQR9JXN;
				INFOPLIST_FILE = LayoutSample/Info.plist;
				LD_RUNPATH_SEARCH_PATHS = (
					"$(inherited)",
					"@executable_path/Frameworks",
				);
				PRODUCT_BUNDLE_IDENTIFIER = "jp.pieces-inc.LayoutSample";
				PRODUCT_NAME = "$(TARGET_NAME)";
				SWIFT_VERSION = 4.0;
				TARGETED_DEVICE_FAMILY = "1,2";
			};
			name = Release;
		};
/* End XCBuildConfiguration section */

/* Begin XCConfigurationList section */
		DC7D3F5C20A97CF300A1038A /* Build configuration list for PBXProject "LayoutSample" */ = {
			isa = XCConfigurationList;
			buildConfigurations = (
				DC7D3F7120A97CF400A1038A /* Debug */,
				DC7D3F7220A97CF400A1038A /* Release */,
			);
			defaultConfigurationIsVisible = 0;
			defaultConfigurationName = Release;
		};
		DC7D3F7320A97CF400A1038A /* Build configuration list for PBXNativeTarget "LayoutSample" */ = {
			isa = XCConfigurationList;
			buildConfigurations = (
				DC7D3F7420A97CF400A1038A /* Debug */,
				DC7D3F7520A97CF400A1038A /* Release */,
			);
			defaultConfigurationIsVisible = 0;
			defaultConfigurationName = Release;
		};
/* End XCConfigurationList section */
	};
	rootObject = DC7D3F5920A97CF300A1038A /* Project object */;
}
